schema: '2.0'
stages:
  data_ingestion:
    cmd: python src/cnnClassifier/pipeline/stage_01_data_ingestion.py
    deps:
    - path: config/config.yaml
      hash: md5
      md5: dc8e6f3868d3051e3ed73be2891c7339
      size: 588
    - path: src/cnnClassifier/pipeline/stage_01_data_ingestion.py
      hash: md5
      md5: 6a7f968da1957e2cbe1fc2ab2971614b
      size: 1747
    outs:
    - path: artifacts/data_ingestion/CT-KIDNEY-DATASET-Normal-Cyst-Tumor-Stone
      hash: md5
      md5: 7bac855a61de91beb1479a0d383a4996.dir
      size: 1659604502
      nfiles: 12423
  prepare_base_model:
    cmd: python src/cnnClassifier/pipeline/stage_02_prepare_base_model.py
    deps:
    - path: config/config.yaml
      hash: md5
      md5: dc8e6f3868d3051e3ed73be2891c7339
      size: 588
    - path: src/cnnClassifier/pipeline/stage_02_prepare_base_model.py
      hash: md5
      md5: e3c646e78482e75cb36c4468e514e046
      size: 1033
    params:
      params.yaml:
        CLASSES: 4
        IMAGE_SIZE:
        - 224
        - 224
        - 3
        INCLUDE_TOP: false
        LEARNING_RATE: 0.01
        WEIGHTS: imagenet
    outs:
    - path: artifacts/prepare_base_model
      hash: md5
      md5: c6ff5f219922fa21ed8e4b3de08a644c.dir
      size: 118255264
      nfiles: 2
  training:
    cmd: python src/cnnClassifier/pipeline/stage_03_model_training.py
    deps:
    - path: artifacts/data_ingestion/CT-KIDNEY-DATASET-Normal-Cyst-Tumor-Stone
      hash: md5
      md5: 7bac855a61de91beb1479a0d383a4996.dir
      size: 1659604502
      nfiles: 12423
    - path: artifacts/prepare_base_model
      hash: md5
      md5: c6ff5f219922fa21ed8e4b3de08a644c.dir
      size: 118255264
      nfiles: 2
    - path: config/config.yaml
      hash: md5
      md5: dc8e6f3868d3051e3ed73be2891c7339
      size: 588
    - path: src/cnnClassifier/pipeline/stage_03_model_training.py
      hash: md5
      md5: 3f5980b3a8933884cc80820b53516f98
      size: 961
    params:
      params.yaml:
        AUGMENTATION: true
        BATCH_SIZE: 16
        EPOCHS: 5
        IMAGE_SIZE:
        - 224
        - 224
        - 3
    outs:
    - path: artifacts/training/model.h5
      hash: md5
      md5: 3d231502ce042cacd3454acc07cddd96
      size: 59738928
  evaluation:
    cmd: python src/cnnClassifier/pipeline/stage_04_model_evaluation.py
    deps:
    - path: artifacts/data_ingestion/CT-KIDNEY-DATASET-Normal-Cyst-Tumor-Stone
      hash: md5
      md5: 7bac855a61de91beb1479a0d383a4996.dir
      size: 1659604502
      nfiles: 12423
    - path: artifacts/training/model.h5
      hash: md5
      md5: 3d231502ce042cacd3454acc07cddd96
      size: 59738928
    - path: config/config.yaml
      hash: md5
      md5: dc8e6f3868d3051e3ed73be2891c7339
      size: 588
    - path: src/cnnClassifier/pipeline/stage_04_model_evaluation.py
      hash: md5
      md5: c2476532e9b932f17fbd84683c32a004
      size: 947
    params:
      params.yaml:
        BATCH_SIZE: 16
        IMAGE_SIZE:
        - 224
        - 224
        - 3
    outs:
    - path: scores.json
      hash: md5
      md5: c0c6f5a941860344bf78d7e985f34472
      size: 72
